# This file was autogenerated by Stack.
# You should not edit this file by hand.
# For more information, please see the documentation at:
#   https://docs.haskellstack.org/en/stable/lock_files

packages:
- completed:
    hackage: envparse-0.4.1@sha256:989902e6368532548f61de1fa245ad2b39176cddd8743b20071af519a709ce30,2842
    pantry-tree:
      size: 1180
      sha256: 35044d67979fe2a5cff05cf8736a06a265592433cdd03e13a72908ceed892612
  original:
    hackage: envparse-0.4.1@sha256:989902e6368532548f61de1fa245ad2b39176cddd8743b20071af519a709ce30,2842
- completed:
    hackage: web3-0.9.1.0@sha256:6b7faac0b63e7d0aae46588dd9a42e11f54ce0fdf4c2744bdf4cc6c5cbf39aa2,20760
    pantry-tree:
      size: 10617
      sha256: 3af31e3eeb63e9a37d5a2a0383dc9c80ac4070eed2400834369e19a50f41ecb1
  original:
    hackage: web3-0.9.1.0@sha256:6b7faac0b63e7d0aae46588dd9a42e11f54ce0fdf4c2744bdf4cc6c5cbf39aa2,20760
- completed:
    hackage: vinyl-0.12.3@sha256:bc6bf64231a62656c2f01d26fc27876ea8664b670b019f6b7d94f357f20600d2,3871
    pantry-tree:
      size: 1857
      sha256: 5dccd8ac766eaa1936774ae33ced6ff95cce719217d1550661a492474e6ea34a
  original:
    hackage: vinyl-0.12.3@sha256:bc6bf64231a62656c2f01d26fc27876ea8664b670b019f6b7d94f357f20600d2,3871
snapshots:
- completed:
    size: 532177
    url: https://raw.githubusercontent.com/commercialhaskell/stackage-snapshots/master/lts/16/19.yaml
    sha256: d2b828ecf50386841d0c5700b58d38566992e10d63a062af497ab29ab031faa1
  original: lts-16.19
